// !$*UTF8*$!
{
	archiveVersion = 1;
	classes = {
	};
	objectVersion = 77;
	objects = {

/* Begin PBXBuildFile section */
		29244FEE2E36B82F0034FBEF /* README.md in Resources */ = {isa = PBXBuildFile; fileRef = 29244FED2E36B82D0034FBEF /* README.md */; };
		292DE3862E36B40B007D5CF9 /* .gitignore in Resources */ = {isa = PBXBuildFile; fileRef = 292DE3852E36B407007D5CF9 /* .gitignore */; };
/* End PBXBuildFile section */

/* Begin PBXContainerItemProxy section */
		292DE3512E36A055007D5CF9 /* PBXContainerItemProxy */ = {
			isa = PBXContainerItemProxy;
			containerPortal = 292DE3372E36A054007D5CF9 /* Project object */;
			proxyType = 1;
			remoteGlobalIDString = 292DE33E2E36A054007D5CF9;
			remoteInfo = cvault;
		};
		292DE35B2E36A055007D5CF9 /* PBXContainerItemProxy */ = {
			isa = PBXContainerItemProxy;
			containerPortal = 292DE3372E36A054007D5CF9 /* Project object */;
			proxyType = 1;
			remoteGlobalIDString = 292DE33E2E36A054007D5CF9;
			remoteInfo = cvault;
		};
/* End PBXContainerItemProxy section */

/* Begin PBXFileReference section */
		29244FED2E36B82D0034FBEF /* README.md */ = {isa = PBXFileReference; lastKnownFileType = net.daringfireball.markdown; path = README.md; sourceTree = "<group>"; };
		292DE33F2E36A054007D5CF9 /* cvault.app */ = {isa = PBXFileReference; explicitFileType = wrapper.application; includeInIndex = 0; path = cvault.app; sourceTree = BUILT_PRODUCTS_DIR; };
		292DE3502E36A055007D5CF9 /* cvaultTests.xctest */ = {isa = PBXFileReference; explicitFileType = wrapper.cfbundle; includeInIndex = 0; path = cvaultTests.xctest; sourceTree = BUILT_PRODUCTS_DIR; };
		292DE35A2E36A055007D5CF9 /* cvaultUITests.xctest */ = {isa = PBXFileReference; explicitFileType = wrapper.cfbundle; includeInIndex = 0; path = cvaultUITests.xctest; sourceTree = BUILT_PRODUCTS_DIR; };
		292DE3852E36B407007D5CF9 /* .gitignore */ = {isa = PBXFileReference; lastKnownFileType = text; path = .gitignore; sourceTree = "<group>"; };
/* End PBXFileReference section */

/* Begin PBXFileSystemSynchronizedRootGroup section */
		292DE3412E36A054007D5CF9 /* cvault */ = {
			isa = PBXFileSystemSynchronizedRootGroup;
			path = cvault;
			sourceTree = "<group>";
		};
/* End PBXFileSystemSynchronizedRootGroup section */

/* Begin PBXFrameworksBuildPhase section */
		292DE33C2E36A054007D5CF9 /* Frameworks */ = {
			isa = PBXFrameworksBuildPhase;
			buildActionMask = 2147483647;
			files = (
			);
			runOnlyForDeploymentPostprocessing = 0;
		};
		292DE34D2E36A055007D5CF9 /* Frameworks */ = {
			isa = PBXFrameworksBuildPhase;
			buildActionMask = 2147483647;
			files = (
			);
			runOnlyForDeploymentPostprocessing = 0;
		};
		292DE3572E36A055007D5CF9 /* Frameworks */ = {
			isa = PBXFrameworksBuildPhase;
			buildActionMask = 2147483647;
			files = (
			);
			runOnlyForDeploymentPostprocessing = 0;
		};
/* End PBXFrameworksBuildPhase section */

/* Begin PBXGroup section */
		292DE3362E36A054007D5CF9 = {
			isa = PBXGroup;
			children = (
				29244FED2E36B82D0034FBEF /* README.md */,
				292DE3852E36B407007D5CF9 /* .gitignore */,
				292DE3412E36A054007D5CF9 /* cvault */,
				292DE3402E36A054007D5CF9 /* Products */,
			);
			sourceTree = "<group>";
		};
		292DE3402E36A054007D5CF9 /* Products */ = {
			isa = PBXGroup;
			children = (
				292DE33F2E36A054007D5CF9 /* cvault.app */,
				292DE3502E36A055007D5CF9 /* cvaultTests.xctest */,
				292DE35A2E36A055007D5CF9 /* cvaultUITests.xctest */,
			);
			name = Products;
			sourceTree = "<group>";
		};
/* End PBXGroup section */

/* Begin PBXNativeTarget section */
		292DE33E2E36A054007D5CF9 /* cvault */ = {
			isa = PBXNativeTarget;
			buildConfigurationList = 292DE3642E36A055007D5CF9 /* Build configuration list for PBXNativeTarget "cvault" */;
			buildPhases = (
				292DE33B2E36A054007D5CF9 /* Sources */,
				292DE33C2E36A054007D5CF9 /* Frameworks */,
				292DE33D2E36A054007D5CF9 /* Resources */,
			);
			buildRules = (
			);
			dependencies = (
			);
			fileSystemSynchronizedGroups = (
				292DE3412E36A054007D5CF9 /* cvault */,
			);
			name = cvault;
			packageProductDependencies = (
			);
			productName = cvault;
			productReference = 292DE33F2E36A054007D5CF9 /* cvault.app */;
			productType = "com.apple.product-type.application";
		};
		292DE34F2E36A055007D5CF9 /* cvaultTests */ = {
			isa = PBXNativeTarget;
			buildConfigurationList = 292DE3672E36A055007D5CF9 /* Build configuration list for PBXNativeTarget "cvaultTests" */;
			buildPhases = (
				292DE34C2E36A055007D5CF9 /* Sources */,
				292DE34D2E36A055007D5CF9 /* Frameworks */,
				292DE34E2E36A055007D5CF9 /* Resources */,
			);
			buildRules = (
			);
			dependencies = (
				292DE3522E36A055007D5CF9 /* PBXTargetDependency */,
			);
			name = cvaultTests;
			packageProductDependencies = (
			);
			productName = cvaultTests;
			productReference = 292DE3502E36A055007D5CF9 /* cvaultTests.xctest */;
			productType = "com.apple.product-type.bundle.unit-test";
		};
		292DE3592E36A055007D5CF9 /* cvaultUITests */ = {
			isa = PBXNativeTarget;
			buildConfigurationList = 292DE36A2E36A055007D5CF9 /* Build configuration list for PBXNativeTarget "cvaultUITests" */;
			buildPhases = (
				292DE3562E36A055007D5CF9 /* Sources */,
				292DE3572E36A055007D5CF9 /* Frameworks */,
				292DE3582E36A055007D5CF9 /* Resources */,
			);
			buildRules = (
			);
			dependencies = (
				292DE35C2E36A055007D5CF9 /* PBXTargetDependency */,
			);
			name = cvaultUITests;
			packageProductDependencies = (
			);
			productName = cvaultUITests;
			productReference = 292DE35A2E36A055007D5CF9 /* cvaultUITests.xctest */;
			productType = "com.apple.product-type.bundle.ui-testing";
		};
/* End PBXNativeTarget section */

/* Begin PBXProject section */
		292DE3372E36A054007D5CF9 /* Project object */ = {
			isa = PBXProject;
			attributes = {
				BuildIndependentTargetsInParallel = 1;
				LastSwiftUpdateCheck = 1610;
				LastUpgradeCheck = 1610;
				TargetAttributes = {
					292DE33E2E36A054007D5CF9 = {
						CreatedOnToolsVersion = 16.1;
					};
					292DE34F2E36A055007D5CF9 = {
						CreatedOnToolsVersion = 16.1;
						TestTargetID = 292DE33E2E36A054007D5CF9;
					};
					292DE3592E36A055007D5CF9 = {
						CreatedOnToolsVersion = 16.1;
						TestTargetID = 292DE33E2E36A054007D5CF9;
					};
				};
			};
			buildConfigurationList = 292DE33A2E36A054007D5CF9 /* Build configuration list for PBXProject "cvault" */;
			developmentRegion = en;
			hasScannedForEncodings = 0;
			knownRegions = (
				en,
				Base,
			);
			mainGroup = 292DE3362E36A054007D5CF9;
			minimizedProjectReferenceProxies = 1;
			preferredProjectObjectVersion = 77;
			productRefGroup = 292DE3402E36A054007D5CF9 /* Products */;
			projectDirPath = "";
			projectRoot = "";
			targets = (
				292DE33E2E36A054007D5CF9 /* cvault */,
				292DE34F2E36A055007D5CF9 /* cvaultTests */,
				292DE3592E36A055007D5CF9 /* cvaultUITests */,
			);
		};
/* End PBXProject section */

/* Begin PBXResourcesBuildPhase section */
		292DE33D2E36A054007D5CF9 /* Resources */ = {
			isa = PBXResourcesBuildPhase;
			buildActionMask = 2147483647;
			files = (
				29244FEE2E36B82F0034FBEF /* README.md in Resources */,
				292DE3862E36B40B007D5CF9 /* .gitignore in Resources */,
			);
			runOnlyForDeploymentPostprocessing = 0;
		};
		292DE34E2E36A055007D5CF9 /* Resources */ = {
			isa = PBXResourcesBuildPhase;
			buildActionMask = 2147483647;
			files = (
			);
			runOnlyForDeploymentPostprocessing = 0;
		};
		292DE3582E36A055007D5CF9 /* Resources */ = {
			isa = PBXResourcesBuildPhase;
			buildActionMask = 2147483647;
			files = (
			);
			runOnlyForDeploymentPostprocessing = 0;
		};
/* End PBXResourcesBuildPhase section */

/* Begin PBXSourcesBuildPhase section */
		292DE33B2E36A054007D5CF9 /* Sources */ = {
			isa = PBXSourcesBuildPhase;
			buildActionMask = 2147483647;
			files = (
			);
			runOnlyForDeploymentPostprocessing = 0;
		};
		292DE34C2E36A055007D5CF9 /* Sources */ = {
			isa = PBXSourcesBuildPhase;
			buildActionMask = 2147483647;
			files = (
			);
			runOnlyForDeploymentPostprocessing = 0;
		};
		292DE3562E36A055007D5CF9 /* Sources */ = {
			isa = PBXSourcesBuildPhase;
			buildActionMask = 2147483647;
			files = (
			);
			runOnlyForDeploymentPostprocessing = 0;
		};
/* End PBXSourcesBuildPhase section */

/* Begin PBXTargetDependency section */
		292DE3522E36A055007D5CF9 /* PBXTargetDependency */ = {
			isa = PBXTargetDependency;
			target = 292DE33E2E36A054007D5CF9 /* cvault */;
			targetProxy = 292DE3512E36A055007D5CF9 /* PBXContainerItemProxy */;
		};
		292DE35C2E36A055007D5CF9 /* PBXTargetDependency */ = {
			isa = PBXTargetDependency;
			target = 292DE33E2E36A054007D5CF9 /* cvault */;
			targetProxy = 292DE35B2E36A055007D5CF9 /* PBXContainerItemProxy */;
		};
/* End PBXTargetDependency section */

/* Begin XCBuildConfiguration section */
		292DE3622E36A055007D5CF9 /* Debug */ = {
			isa = XCBuildConfiguration;
			buildSettings = {
				ALWAYS_SEARCH_USER_PATHS = NO;
				ASSETCATALOG_COMPILER_GENERATE_SWIFT_ASSET_SYMBOL_EXTENSIONS = YES;
				CLANG_ANALYZER_NONNULL = YES;
				CLANG_ANALYZER_NUMBER_OBJECT_CONVERSION = YES_AGGRESSIVE;
				CLANG_CXX_LANGUAGE_STANDARD = "gnu++20";
				CLANG_ENABLE_MODULES = YES;
				CLANG_ENABLE_OBJC_ARC = YES;
				CLANG_ENABLE_OBJC_WEAK = YES;
				CLANG_WARN_BLOCK_CAPTURE_AUTORELEASING = YES;
				CLANG_WARN_BOOL_CONVERSION = YES;
				CLANG_WARN_COMMA = YES;
				CLANG_WARN_CONSTANT_CONVERSION = YES;
				CLANG_WARN_DEPRECATED_OBJC_IMPLEMENTATIONS = YES;
				CLANG_WARN_DIRECT_OBJC_ISA_USAGE = YES_ERROR;
				CLANG_WARN_DOCUMENTATION_COMMENTS = YES;
				CLANG_WARN_EMPTY_BODY = YES;
				CLANG_WARN_ENUM_CONVERSION = YES;
				CLANG_WARN_INFINITE_RECURSION = YES;
				CLANG_WARN_INT_CONVERSION = YES;
				CLANG_WARN_NON_LITERAL_NULL_CONVERSION = YES;
				CLANG_WARN_OBJC_IMPLICIT_RETAIN_SELF = YES;
				CLANG_WARN_OBJC_LITERAL_CONVERSION = YES;
				CLANG_WARN_OBJC_ROOT_CLASS = YES_ERROR;
				CLANG_WARN_QUOTED_INCLUDE_IN_FRAMEWORK_HEADER = YES;
				CLANG_WARN_RANGE_LOOP_ANALYSIS = YES;
				CLANG_WARN_STRICT_PROTOTYPES = YES;
				CLANG_WARN_SUSPICIOUS_MOVE = YES;
				CLANG_WARN_UNGUARDED_AVAILABILITY = YES_AGGRESSIVE;
				CLANG_WARN_UNREACHABLE_CODE = YES;
				CLANG_WARN__DUPLICATE_METHOD_MATCH = YES;
				COPY_PHASE_STRIP = NO;
				DEBUG_INFORMATION_FORMAT = dwarf;
				ENABLE_STRICT_OBJC_MSGSEND = YES;
				ENABLE_TESTABILITY = YES;
				ENABLE_USER_SCRIPT_SANDBOXING = YES;
				GCC_C_LANGUAGE_STANDARD = gnu17;
				GCC_DYNAMIC_NO_PIC = NO;
				GCC_NO_COMMON_BLOCKS = YES;
				GCC_OPTIMIZATION_LEVEL = 0;
				GCC_PREPROCESSOR_DEFINITIONS = (
					"DEBUG=1",
					"$(inherited)",
				);
				GCC_WARN_64_TO_32_BIT_CONVERSION = YES;
				GCC_WARN_ABOUT_RETURN_TYPE = YES_ERROR;
				GCC_WARN_UNDECLARED_SELECTOR = YES;
				GCC_WARN_UNINITIALIZED_AUTOS = YES_AGGRESSIVE;
				GCC_WARN_UNUSED_FUNCTION = YES;
				GCC_WARN_UNUSED_VARIABLE = YES;
				LOCALIZATION_PREFERS_STRING_CATALOGS = YES;
				MACOSX_DEPLOYMENT_TARGET = 15.1;
				MTL_ENABLE_DEBUG_INFO = INCLUDE_SOURCE;
				MTL_FAST_MATH = YES;
				ONLY_ACTIVE_ARCH = YES;
				SDKROOT = macosx;
				SWIFT_ACTIVE_COMPILATION_CONDITIONS = "DEBUG $(inherited)";
				SWIFT_OPTIMIZATION_LEVEL = "-Onone";
			};
			name = Debug;
		};
		292DE3632E36A055007D5CF9 /* Release */ = {
			isa = XCBuildConfiguration;
			buildSettings = {
				ALWAYS_SEARCH_USER_PATHS = NO;
				ASSETCATALOG_COMPILER_GENERATE_SWIFT_ASSET_SYMBOL_EXTENSIONS = YES;
				CLANG_ANALYZER_NONNULL = YES;
				CLANG_ANALYZER_NUMBER_OBJECT_CONVERSION = YES_AGGRESSIVE;
				CLANG_CXX_LANGUAGE_STANDARD = "gnu++20";
				CLANG_ENABLE_MODULES = YES;
				CLANG_ENABLE_OBJC_ARC = YES;
				CLANG_ENABLE_OBJC_WEAK = YES;
				CLANG_WARN_BLOCK_CAPTURE_AUTORELEASING = YES;
				CLANG_WARN_BOOL_CONVERSION = YES;
				CLANG_WARN_COMMA = YES;
				CLANG_WARN_CONSTANT_CONVERSION = YES;
				CLANG_WARN_DEPRECATED_OBJC_IMPLEMENTATIONS = YES;
				CLANG_WARN_DIRECT_OBJC_ISA_USAGE = YES_ERROR;
				CLANG_WARN_DOCUMENTATION_COMMENTS = YES;
				CLANG_WARN_EMPTY_BODY = YES;
				CLANG_WARN_ENUM_CONVERSION = YES;
				CLANG_WARN_INFINITE_RECURSION = YES;
				CLANG_WARN_INT_CONVERSION = YES;
				CLANG_WARN_NON_LITERAL_NULL_CONVERSION = YES;
				CLANG_WARN_OBJC_IMPLICIT_RETAIN_SELF = YES;
				CLANG_WARN_OBJC_LITERAL_CONVERSION = YES;
				CLANG_WARN_OBJC_ROOT_CLASS = YES_ERROR;
				CLANG_WARN_QUOTED_INCLUDE_IN_FRAMEWORK_HEADER = YES;
				CLANG_WARN_RANGE_LOOP_ANALYSIS = YES;
				CLANG_WARN_STRICT_PROTOTYPES = YES;
				CLANG_WARN_SUSPICIOUS_MOVE = YES;
				CLANG_WARN_UNGUARDED_AVAILABILITY = YES_AGGRESSIVE;
				CLANG_WARN_UNREACHABLE_CODE = YES;
				CLANG_WARN__DUPLICATE_METHOD_MATCH = YES;
				COPY_PHASE_STRIP = NO;
				DEBUG_INFORMATION_FORMAT = "dwarf-with-dsym";
				ENABLE_NS_ASSERTIONS = NO;
				ENABLE_STRICT_OBJC_MSGSEND = YES;
				ENABLE_USER_SCRIPT_SANDBOXING = YES;
				GCC_C_LANGUAGE_STANDARD = gnu17;
				GCC_NO_COMMON_BLOCKS = YES;
				GCC_WARN_64_TO_32_BIT_CONVERSION = YES;
				GCC_WARN_ABOUT_RETURN_TYPE = YES_ERROR;
				GCC_WARN_UNDECLARED_SELECTOR = YES;
				GCC_WARN_UNINITIALIZED_AUTOS = YES_AGGRESSIVE;
				GCC_WARN_UNUSED_FUNCTION = YES;
				GCC_WARN_UNUSED_VARIABLE = YES;
				LOCALIZATION_PREFERS_STRING_CATALOGS = YES;
				MACOSX_DEPLOYMENT_TARGET = 15.1;
				MTL_ENABLE_DEBUG_INFO = NO;
				MTL_FAST_MATH = YES;
				SDKROOT = macosx;
				SWIFT_COMPILATION_MODE = wholemodule;
			};
			name = Release;
		};
		292DE3652E36A055007D5CF9 /* Debug */ = {
			isa = XCBuildConfiguration;
			buildSettings = {
				ASSETCATALOG_COMPILER_APPICON_NAME = AppIcon;
				ASSETCATALOG_COMPILER_GLOBAL_ACCENT_COLOR_NAME = AccentColor;
				CODE_SIGN_ENTITLEMENTS = cvault/cvault.entitlements;
				CODE_SIGN_STYLE = Automatic;
				COMBINE_HIDPI_IMAGES = YES;
				CURRENT_PROJECT_VERSION = 1;
				DEVELOPMENT_ASSET_PATHS = "\"cvault/Preview Content\"";
				DEVELOPMENT_TEAM = 8BZB3KUPST;
				ENABLE_HARDENED_RUNTIME = YES;
				ENABLE_PREVIEWS = YES;
				GENERATE_INFOPLIST_FILE = YES;
				INFOPLIST_KEY_NSHumanReadableCopyright = "";
				LD_RUNPATH_SEARCH_PATHS = (
					"$(inherited)",
					"@executable_path/../Frameworks",
				);
				MARKETING_VERSION = 1.0;
				PRODUCT_BUNDLE_IDENTIFIER = feelthatvib3.cvault;
				PRODUCT_NAME = "$(TARGET_NAME)";
				SWIFT_EMIT_LOC_STRINGS = YES;
				SWIFT_VERSION = 5.0;
			};
			name = Debug;
		};
		292DE3662E36A055007D5CF9 /* Release */ = {
			isa = XCBuildConfiguration;
			buildSettings = {
				ASSETCATALOG_COMPILER_APPICON_NAME = AppIcon;
				ASSETCATALOG_COMPILER_GLOBAL_ACCENT_COLOR_NAME = AccentColor;
				CODE_SIGN_ENTITLEMENTS = cvault/cvault.entitlements;
				CODE_SIGN_STYLE = Automatic;
				COMBINE_HIDPI_IMAGES = YES;
				CURRENT_PROJECT_VERSION = 1;
				DEVELOPMENT_ASSET_PATHS = "\"cvault/Preview Content\"";
				DEVELOPMENT_TEAM = 8BZB3KUPST;
				ENABLE_HARDENED_RUNTIME = YES;
				ENABLE_PREVIEWS = YES;
				GENERATE_INFOPLIST_FILE = YES;
				INFOPLIST_KEY_NSHumanReadableCopyright = "";
				LD_RUNPATH_SEARCH_PATHS = (
					"$(inherited)",
					"@executable_path/../Frameworks",
				);
				MARKETING_VERSION = 1.0;
				PRODUCT_BUNDLE_IDENTIFIER = feelthatvib3.cvault;
				PRODUCT_NAME = "$(TARGET_NAME)";
				SWIFT_EMIT_LOC_STRINGS = YES;
				SWIFT_VERSION = 5.0;
			};
			name = Release;
		};
		292DE3682E36A055007D5CF9 /* Debug */ = {
			isa = XCBuildConfiguration;
			buildSettings = {
				BUNDLE_LOADER = "$(TEST_HOST)";
				CODE_SIGN_STYLE = Automatic;
				CURRENT_PROJECT_VERSION = 1;
				DEVELOPMENT_TEAM = 8BZB3KUPST;
				GENERATE_INFOPLIST_FILE = YES;
				MACOSX_DEPLOYMENT_TARGET = 15.1;
				MARKETING_VERSION = 1.0;
				PRODUCT_BUNDLE_IDENTIFIER = feelthatvib3.cvaultTests;
				PRODUCT_NAME = "$(TARGET_NAME)";
				SWIFT_EMIT_LOC_STRINGS = NO;
				SWIFT_VERSION = 5.0;
				TEST_HOST = "$(BUILT_PRODUCTS_DIR)/cvault.app/$(BUNDLE_EXECUTABLE_FOLDER_PATH)/cvault";
			};
			name = Debug;
		};
		292DE3692E36A055007D5CF9 /* Release */ = {
			isa = XCBuildConfiguration;
			buildSettings = {
				BUNDLE_LOADER = "$(TEST_HOST)";
				CODE_SIGN_STYLE = Automatic;
				CURRENT_PROJECT_VERSION = 1;
				DEVELOPMENT_TEAM = 8BZB3KUPST;
				GENERATE_INFOPLIST_FILE = YES;
				MACOSX_DEPLOYMENT_TARGET = 15.1;
				MARKETING_VERSION = 1.0;
				PRODUCT_BUNDLE_IDENTIFIER = feelthatvib3.cvaultTests;
				PRODUCT_NAME = "$(TARGET_NAME)";
				SWIFT_EMIT_LOC_STRINGS = NO;
				SWIFT_VERSION = 5.0;
				TEST_HOST = "$(BUILT_PRODUCTS_DIR)/cvault.app/$(BUNDLE_EXECUTABLE_FOLDER_PATH)/cvault";
			};
			name = Release;
		};
		292DE36B2E36A055007D5CF9 /* Debug */ = {
			isa = XCBuildConfiguration;
			buildSettings = {
				CODE_SIGN_STYLE = Automatic;
				CURRENT_PROJECT_VERSION = 1;
				DEVELOPMENT_TEAM = 8BZB3KUPST;
				GENERATE_INFOPLIST_FILE = YES;
				MARKETING_VERSION = 1.0;
				PRODUCT_BUNDLE_IDENTIFIER = feelthatvib3.cvaultUITests;
				PRODUCT_NAME = "$(TARGET_NAME)";
				SWIFT_EMIT_LOC_STRINGS = NO;
				SWIFT_VERSION = 5.0;
				TEST_TARGET_NAME = cvault;
			};
			name = Debug;
		};
		292DE36C2E36A055007D5CF9 /* Release */ = {
			isa = XCBuildConfiguration;
			buildSettings = {
				CODE_SIGN_STYLE = Automatic;
				CURRENT_PROJECT_VERSION = 1;
				DEVELOPMENT_TEAM = 8BZB3KUPST;
				GENERATE_INFOPLIST_FILE = YES;
				MARKETING_VERSION = 1.0;
				PRODUCT_BUNDLE_IDENTIFIER = feelthatvib3.cvaultUITests;
				PRODUCT_NAME = "$(TARGET_NAME)";
				SWIFT_EMIT_LOC_STRINGS = NO;
				SWIFT_VERSION = 5.0;
				TEST_TARGET_NAME = cvault;
			};
			name = Release;
		};
/* End XCBuildConfiguration section */

/* Begin XCConfigurationList section */
		292DE33A2E36A054007D5CF9 /* Build configuration list for PBXProject "cvault" */ = {
			isa = XCConfigurationList;
			buildConfigurations = (
				292DE3622E36A055007D5CF9 /* Debug */,
				292DE3632E36A055007D5CF9 /* Release */,
			);
			defaultConfigurationIsVisible = 0;
			defaultConfigurationName = Release;
		};
		292DE3642E36A055007D5CF9 /* Build configuration list for PBXNativeTarget "cvault" */ = {
			isa = XCConfigurationList;
			buildConfigurations = (
				292DE3652E36A055007D5CF9 /* Debug */,
				292DE3662E36A055007D5CF9 /* Release */,
			);
			defaultConfigurationIsVisible = 0;
			defaultConfigurationName = Release;
		};
		292DE3672E36A055007D5CF9 /* Build configuration list for PBXNativeTarget "cvaultTests" */ = {
			isa = XCConfigurationList;
			buildConfigurations = (
				292DE3682E36A055007D5CF9 /* Debug */,
				292DE3692E36A055007D5CF9 /* Release */,
			);
			defaultConfigurationIsVisible = 0;
			defaultConfigurationName = Release;
		};
		292DE36A2E36A055007D5CF9 /* Build configuration list for PBXNativeTarget "cvaultUITests" */ = {
			isa = XCConfigurationList;
			buildConfigurations = (
				292DE36B2E36A055007D5CF9 /* Debug */,
				292DE36C2E36A055007D5CF9 /* Release */,
			);
			defaultConfigurationIsVisible = 0;
			defaultConfigurationName = Release;
		};
/* End XCConfigurationList section */
	};
	rootObject = 292DE3372E36A054007D5CF9 /* Project object */;
}
